// !$*UTF8*$!
{
	archiveVersion = 1;
	classes = {
	};
	objectVersion = 51;
	objects = {

/* Begin PBXBuildFile section */
		4D111E1023AAC57D00DAD969 /* Subcollections.swift in Sources */ = {isa = PBXBuildFile; fileRef = 4D111E0F23AAC57D00DAD969 /* Subcollections.swift */; };
		4D75805923A98CC500F05533 /* AppDelegate.swift in Sources */ = {isa = PBXBuildFile; fileRef = 4D75805823A98CC500F05533 /* AppDelegate.swift */; };
		4D75805B23A98CC500F05533 /* SceneDelegate.swift in Sources */ = {isa = PBXBuildFile; fileRef = 4D75805A23A98CC500F05533 /* SceneDelegate.swift */; };
		4D75806223A98CC600F05533 /* Assets.xcassets in Resources */ = {isa = PBXBuildFile; fileRef = 4D75806123A98CC600F05533 /* Assets.xcassets */; };
		4D75806523A98CC600F05533 /* LaunchScreen.storyboard in Resources */ = {isa = PBXBuildFile; fileRef = 4D75806323A98CC600F05533 /* LaunchScreen.storyboard */; };
		4D75806D23A98EB900F05533 /* HomeController.swift in Sources */ = {isa = PBXBuildFile; fileRef = 4D75806C23A98EB900F05533 /* HomeController.swift */; };
		4D75807223A98EEC00F05533 /* Tweet.swift in Sources */ = {isa = PBXBuildFile; fileRef = 4D75807123A98EEC00F05533 /* Tweet.swift */; };
		4D75807423A98F0F00F05533 /* User.swift in Sources */ = {isa = PBXBuildFile; fileRef = 4D75807323A98F0F00F05533 /* User.swift */; };
		4D75807623A98FFF00F05533 /* TweetCell.swift in Sources */ = {isa = PBXBuildFile; fileRef = 4D75807523A98FFF00F05533 /* TweetCell.swift */; };
		4DA17C1023ABDF0E003EAAEE /* SignUpController.swift in Sources */ = {isa = PBXBuildFile; fileRef = 4DA17C0F23ABDF0E003EAAEE /* SignUpController.swift */; };
		4DA17C1223ABDF23003EAAEE /* SignUpView.swift in Sources */ = {isa = PBXBuildFile; fileRef = 4DA17C1123ABDF23003EAAEE /* SignUpView.swift */; };
		4DBDE07A23AA1EAB00B55FE8 /* TabBarController.swift in Sources */ = {isa = PBXBuildFile; fileRef = 4DBDE07923AA1EAB00B55FE8 /* TabBarController.swift */; };
		4DD75BED23AA50F5001F9A26 /* GoogleService-Info.plist in Resources */ = {isa = PBXBuildFile; fileRef = 4DD75BEC23AA50F4001F9A26 /* GoogleService-Info.plist */; };
		4DD75BF023AA54C5001F9A26 /* NetworkCall.swift in Sources */ = {isa = PBXBuildFile; fileRef = 4DD75BEF23AA54C5001F9A26 /* NetworkCall.swift */; };
		4DD75BF223AA7E40001F9A26 /* Extensions.swift in Sources */ = {isa = PBXBuildFile; fileRef = 4DD75BF123AA7E40001F9A26 /* Extensions.swift */; };
		4DD75BF623AA926E001F9A26 /* ComposeTweetController.swift in Sources */ = {isa = PBXBuildFile; fileRef = 4DD75BF523AA926E001F9A26 /* ComposeTweetController.swift */; };
		4DD75BF823AA927D001F9A26 /* ComposeTweetView.swift in Sources */ = {isa = PBXBuildFile; fileRef = 4DD75BF723AA927D001F9A26 /* ComposeTweetView.swift */; };
		4DFC033723AC359700EBCD5F /* SignInView.swift in Sources */ = {isa = PBXBuildFile; fileRef = 4DFC033623AC359700EBCD5F /* SignInView.swift */; };
		4DFC033923AC35AE00EBCD5F /* SignInController.swift in Sources */ = {isa = PBXBuildFile; fileRef = 4DFC033823AC35AE00EBCD5F /* SignInController.swift */; };
		AD79BA4C1399F2DDA1537159 /* Pods_Twitter.framework in Frameworks */ = {isa = PBXBuildFile; fileRef = 0902707FC23D17937B92F9ED /* Pods_Twitter.framework */; };
/* End PBXBuildFile section */

/* Begin PBXFileReference section */
		0902707FC23D17937B92F9ED /* Pods_Twitter.framework */ = {isa = PBXFileReference; explicitFileType = wrapper.framework; includeInIndex = 0; path = Pods_Twitter.framework; sourceTree = BUILT_PRODUCTS_DIR; };
		4D111E0F23AAC57D00DAD969 /* Subcollections.swift */ = {isa = PBXFileReference; lastKnownFileType = sourcecode.swift; path = Subcollections.swift; sourceTree = "<group>"; };
		4D75805523A98CC400F05533 /* Twitter.app */ = {isa = PBXFileReference; explicitFileType = wrapper.application; includeInIndex = 0; path = Twitter.app; sourceTree = BUILT_PRODUCTS_DIR; };
		4D75805823A98CC500F05533 /* AppDelegate.swift */ = {isa = PBXFileReference; lastKnownFileType = sourcecode.swift; path = AppDelegate.swift; sourceTree = "<group>"; };
		4D75805A23A98CC500F05533 /* SceneDelegate.swift */ = {isa = PBXFileReference; lastKnownFileType = sourcecode.swift; path = SceneDelegate.swift; sourceTree = "<group>"; };
		4D75806123A98CC600F05533 /* Assets.xcassets */ = {isa = PBXFileReference; lastKnownFileType = folder.assetcatalog; path = Assets.xcassets; sourceTree = "<group>"; };
		4D75806423A98CC600F05533 /* Base */ = {isa = PBXFileReference; lastKnownFileType = file.storyboard; name = Base; path = Base.lproj/LaunchScreen.storyboard; sourceTree = "<group>"; };
		4D75806623A98CC600F05533 /* Info.plist */ = {isa = PBXFileReference; lastKnownFileType = text.plist.xml; path = Info.plist; sourceTree = "<group>"; };
		4D75806C23A98EB900F05533 /* HomeController.swift */ = {isa = PBXFileReference; lastKnownFileType = sourcecode.swift; path = HomeController.swift; sourceTree = "<group>"; };
		4D75807123A98EEC00F05533 /* Tweet.swift */ = {isa = PBXFileReference; lastKnownFileType = sourcecode.swift; path = Tweet.swift; sourceTree = "<group>"; };
		4D75807323A98F0F00F05533 /* User.swift */ = {isa = PBXFileReference; lastKnownFileType = sourcecode.swift; path = User.swift; sourceTree = "<group>"; };
		4D75807523A98FFF00F05533 /* TweetCell.swift */ = {isa = PBXFileReference; lastKnownFileType = sourcecode.swift; path = TweetCell.swift; sourceTree = "<group>"; };
		4D778150E4F69F7F1EABA773 /* Pods-Twitter.debug.xcconfig */ = {isa = PBXFileReference; includeInIndex = 1; lastKnownFileType = text.xcconfig; name = "Pods-Twitter.debug.xcconfig"; path = "Target Support Files/Pods-Twitter/Pods-Twitter.debug.xcconfig"; sourceTree = "<group>"; };
		4DA17C0F23ABDF0E003EAAEE /* SignUpController.swift */ = {isa = PBXFileReference; lastKnownFileType = sourcecode.swift; path = SignUpController.swift; sourceTree = "<group>"; };
		4DA17C1123ABDF23003EAAEE /* SignUpView.swift */ = {isa = PBXFileReference; lastKnownFileType = sourcecode.swift; path = SignUpView.swift; sourceTree = "<group>"; };
		4DBDE07923AA1EAB00B55FE8 /* TabBarController.swift */ = {isa = PBXFileReference; lastKnownFileType = sourcecode.swift; path = TabBarController.swift; sourceTree = "<group>"; };
		4DD75BEC23AA50F4001F9A26 /* GoogleService-Info.plist */ = {isa = PBXFileReference; fileEncoding = 4; lastKnownFileType = text.plist.xml; path = "GoogleService-Info.plist"; sourceTree = "<group>"; };
		4DD75BEF23AA54C5001F9A26 /* NetworkCall.swift */ = {isa = PBXFileReference; lastKnownFileType = sourcecode.swift; path = NetworkCall.swift; sourceTree = "<group>"; };
		4DD75BF123AA7E40001F9A26 /* Extensions.swift */ = {isa = PBXFileReference; lastKnownFileType = sourcecode.swift; path = Extensions.swift; sourceTree = "<group>"; };
		4DD75BF523AA926E001F9A26 /* ComposeTweetController.swift */ = {isa = PBXFileReference; lastKnownFileType = sourcecode.swift; path = ComposeTweetController.swift; sourceTree = "<group>"; };
		4DD75BF723AA927D001F9A26 /* ComposeTweetView.swift */ = {isa = PBXFileReference; lastKnownFileType = sourcecode.swift; path = ComposeTweetView.swift; sourceTree = "<group>"; };
		4DFC033623AC359700EBCD5F /* SignInView.swift */ = {isa = PBXFileReference; lastKnownFileType = sourcecode.swift; path = SignInView.swift; sourceTree = "<group>"; };
		4DFC033823AC35AE00EBCD5F /* SignInController.swift */ = {isa = PBXFileReference; lastKnownFileType = sourcecode.swift; path = SignInController.swift; sourceTree = "<group>"; };
		E4DD8031F7B3DC28AB0E4A4A /* Pods-Twitter.release.xcconfig */ = {isa = PBXFileReference; includeInIndex = 1; lastKnownFileType = text.xcconfig; name = "Pods-Twitter.release.xcconfig"; path = "Target Support Files/Pods-Twitter/Pods-Twitter.release.xcconfig"; sourceTree = "<group>"; };
/* End PBXFileReference section */

/* Begin PBXFrameworksBuildPhase section */
		4D75805223A98CC400F05533 /* Frameworks */ = {
			isa = PBXFrameworksBuildPhase;
			buildActionMask = 2147483647;
			files = (
				AD79BA4C1399F2DDA1537159 /* Pods_Twitter.framework in Frameworks */,
			);
			runOnlyForDeploymentPostprocessing = 0;
		};
/* End PBXFrameworksBuildPhase section */

/* Begin PBXGroup section */
		4D75804C23A98CC400F05533 = {
			isa = PBXGroup;
			children = (
				4D75805723A98CC400F05533 /* Twitter */,
				4D75805623A98CC400F05533 /* Products */,
				DDB90A4FD5A69F68ADACD091 /* Pods */,
				8714428528D76CC89DFC459E /* Frameworks */,
			);
			sourceTree = "<group>";
		};
		4D75805623A98CC400F05533 /* Products */ = {
			isa = PBXGroup;
			children = (
				4D75805523A98CC400F05533 /* Twitter.app */,
			);
			name = Products;
			sourceTree = "<group>";
		};
		4D75805723A98CC400F05533 /* Twitter */ = {
			isa = PBXGroup;
			children = (
				4D75806E23A98EBD00F05533 /* Model */,
				4D75807023A98EC800F05533 /* Controller */,
				4D75806F23A98EC300F05533 /* View */,
				4DD75BEE23AA54AD001F9A26 /* Utilities */,
				4D75805823A98CC500F05533 /* AppDelegate.swift */,
				4D75805A23A98CC500F05533 /* SceneDelegate.swift */,
				4D75806123A98CC600F05533 /* Assets.xcassets */,
				4D75806323A98CC600F05533 /* LaunchScreen.storyboard */,
				4D75806623A98CC600F05533 /* Info.plist */,
				4DD75BEC23AA50F4001F9A26 /* GoogleService-Info.plist */,
			);
			path = Twitter;
			sourceTree = "<group>";
		};
		4D75806E23A98EBD00F05533 /* Model */ = {
			isa = PBXGroup;
			children = (
				4D75807123A98EEC00F05533 /* Tweet.swift */,
				4D75807323A98F0F00F05533 /* User.swift */,
			);
			path = Model;
			sourceTree = "<group>";
		};
		4D75806F23A98EC300F05533 /* View */ = {
			isa = PBXGroup;
			children = (
				4D75807523A98FFF00F05533 /* TweetCell.swift */,
				4DD75BF723AA927D001F9A26 /* ComposeTweetView.swift */,
				4DA17C1123ABDF23003EAAEE /* SignUpView.swift */,
				4DFC033623AC359700EBCD5F /* SignInView.swift */,
			);
			path = View;
			sourceTree = "<group>";
		};
		4D75807023A98EC800F05533 /* Controller */ = {
			isa = PBXGroup;
			children = (
				4DBDE07923AA1EAB00B55FE8 /* TabBarController.swift */,
				4D75806C23A98EB900F05533 /* HomeController.swift */,
				4DD75BF523AA926E001F9A26 /* ComposeTweetController.swift */,
				4DA17C0F23ABDF0E003EAAEE /* SignUpController.swift */,
				4DFC033823AC35AE00EBCD5F /* SignInController.swift */,
			);
			path = Controller;
			sourceTree = "<group>";
		};
		4DD75BEE23AA54AD001F9A26 /* Utilities */ = {
			isa = PBXGroup;
			children = (
				4DD75BEF23AA54C5001F9A26 /* NetworkCall.swift */,
				4DD75BF123AA7E40001F9A26 /* Extensions.swift */,
				4D111E0F23AAC57D00DAD969 /* Subcollections.swift */,
			);
			path = Utilities;
			sourceTree = "<group>";
		};
		8714428528D76CC89DFC459E /* Frameworks */ = {
			isa = PBXGroup;
			children = (
				0902707FC23D17937B92F9ED /* Pods_Twitter.framework */,
			);
			name = Frameworks;
			sourceTree = "<group>";
		};
		DDB90A4FD5A69F68ADACD091 /* Pods */ = {
			isa = PBXGroup;
			children = (
				4D778150E4F69F7F1EABA773 /* Pods-Twitter.debug.xcconfig */,
				E4DD8031F7B3DC28AB0E4A4A /* Pods-Twitter.release.xcconfig */,
			);
			path = Pods;
			sourceTree = "<group>";
		};
/* End PBXGroup section */

/* Begin PBXNativeTarget section */
		4D75805423A98CC400F05533 /* Twitter */ = {
			isa = PBXNativeTarget;
			buildConfigurationList = 4D75806923A98CC600F05533 /* Build configuration list for PBXNativeTarget "Twitter" */;
			buildPhases = (
				DAD7241E59BB5E16E550A0F8 /* [CP] Check Pods Manifest.lock */,
				4D75805123A98CC400F05533 /* Sources */,
				4D75805223A98CC400F05533 /* Frameworks */,
				4D75805323A98CC400F05533 /* Resources */,
				7AE24629F7E66C7F01D82273 /* [CP] Embed Pods Frameworks */,
			);
			buildRules = (
			);
			dependencies = (
			);
			name = Twitter;
			productName = Twitter;
			productReference = 4D75805523A98CC400F05533 /* Twitter.app */;
			productType = "com.apple.product-type.application";
		};
/* End PBXNativeTarget section */

/* Begin PBXProject section */
		4D75804D23A98CC400F05533 /* Project object */ = {
			isa = PBXProject;
			attributes = {
				LastSwiftUpdateCheck = 1130;
				LastUpgradeCheck = 1130;
				ORGANIZATIONNAME = Twitter;
				TargetAttributes = {
					4D75805423A98CC400F05533 = {
						CreatedOnToolsVersion = 11.3;
					};
				};
			};
			buildConfigurationList = 4D75805023A98CC400F05533 /* Build configuration list for PBXProject "Twitter" */;
			compatibilityVersion = "Xcode 9.3";
			developmentRegion = en;
			hasScannedForEncodings = 0;
			knownRegions = (
				en,
				Base,
			);
			mainGroup = 4D75804C23A98CC400F05533;
			productRefGroup = 4D75805623A98CC400F05533 /* Products */;
			projectDirPath = "";
			projectRoot = "";
			targets = (
				4D75805423A98CC400F05533 /* Twitter */,
			);
		};
/* End PBXProject section */

/* Begin PBXResourcesBuildPhase section */
		4D75805323A98CC400F05533 /* Resources */ = {
			isa = PBXResourcesBuildPhase;
			buildActionMask = 2147483647;
			files = (
				4D75806523A98CC600F05533 /* LaunchScreen.storyboard in Resources */,
				4D75806223A98CC600F05533 /* Assets.xcassets in Resources */,
				4DD75BED23AA50F5001F9A26 /* GoogleService-Info.plist in Resources */,
			);
			runOnlyForDeploymentPostprocessing = 0;
		};
/* End PBXResourcesBuildPhase section */

/* Begin PBXShellScriptBuildPhase section */
		7AE24629F7E66C7F01D82273 /* [CP] Embed Pods Frameworks */ = {
			isa = PBXShellScriptBuildPhase;
			buildActionMask = 2147483647;
			files = (
			);
			inputFileListPaths = (
				"${PODS_ROOT}/Target Support Files/Pods-Twitter/Pods-Twitter-frameworks-${CONFIGURATION}-input-files.xcfilelist",
			);
			name = "[CP] Embed Pods Frameworks";
			outputFileListPaths = (
				"${PODS_ROOT}/Target Support Files/Pods-Twitter/Pods-Twitter-frameworks-${CONFIGURATION}-output-files.xcfilelist",
			);
			runOnlyForDeploymentPostprocessing = 0;
			shellPath = /bin/sh;
			shellScript = "\"${PODS_ROOT}/Target Support Files/Pods-Twitter/Pods-Twitter-frameworks.sh\"\n";
			showEnvVarsInLog = 0;
		};
		DAD7241E59BB5E16E550A0F8 /* [CP] Check Pods Manifest.lock */ = {
			isa = PBXShellScriptBuildPhase;
			buildActionMask = 2147483647;
			files = (
			);
			inputFileListPaths = (
			);
			inputPaths = (
				"${PODS_PODFILE_DIR_PATH}/Podfile.lock",
				"${PODS_ROOT}/Manifest.lock",
			);
			name = "[CP] Check Pods Manifest.lock";
			outputFileListPaths = (
			);
			outputPaths = (
				"$(DERIVED_FILE_DIR)/Pods-Twitter-checkManifestLockResult.txt",
			);
			runOnlyForDeploymentPostprocessing = 0;
			shellPath = /bin/sh;
			shellScript = "diff \"${PODS_PODFILE_DIR_PATH}/Podfile.lock\" \"${PODS_ROOT}/Manifest.lock\" > /dev/null\nif [ $? != 0 ] ; then\n    # print error to STDERR\n    echo \"error: The sandbox is not in sync with the Podfile.lock. Run 'pod install' or update your CocoaPods installation.\" >&2\n    exit 1\nfi\n# This output is used by Xcode 'outputs' to avoid re-running this script phase.\necho \"SUCCESS\" > \"${SCRIPT_OUTPUT_FILE_0}\"\n";
			showEnvVarsInLog = 0;
		};
/* End PBXShellScriptBuildPhase section */

/* Begin PBXSourcesBuildPhase section */
		4D75805123A98CC400F05533 /* Sources */ = {
			isa = PBXSourcesBuildPhase;
			buildActionMask = 2147483647;
			files = (
				4DA17C1023ABDF0E003EAAEE /* SignUpController.swift in Sources */,
				4D75805923A98CC500F05533 /* AppDelegate.swift in Sources */,
				4DD75BF223AA7E40001F9A26 /* Extensions.swift in Sources */,
				4D75805B23A98CC500F05533 /* SceneDelegate.swift in Sources */,
				4DD75BF023AA54C5001F9A26 /* NetworkCall.swift in Sources */,
				4D111E1023AAC57D00DAD969 /* Subcollections.swift in Sources */,
				4DD75BF823AA927D001F9A26 /* ComposeTweetView.swift in Sources */,
				4DD75BF623AA926E001F9A26 /* ComposeTweetController.swift in Sources */,
				4D75806D23A98EB900F05533 /* HomeController.swift in Sources */,
				4DFC033723AC359700EBCD5F /* SignInView.swift in Sources */,
				4D75807623A98FFF00F05533 /* TweetCell.swift in Sources */,
				4DA17C1223ABDF23003EAAEE /* SignUpView.swift in Sources */,
				4DBDE07A23AA1EAB00B55FE8 /* TabBarController.swift in Sources */,
				4DFC033923AC35AE00EBCD5F /* SignInController.swift in Sources */,
				4D75807423A98F0F00F05533 /* User.swift in Sources */,
				4D75807223A98EEC00F05533 /* Tweet.swift in Sources */,
			);
			runOnlyForDeploymentPostprocessing = 0;
		};
/* End PBXSourcesBuildPhase section */

/* Begin PBXVariantGroup section */
		4D75806323A98CC600F05533 /* LaunchScreen.storyboard */ = {
			isa = PBXVariantGroup;
			children = (
				4D75806423A98CC600F05533 /* Base */,
			);
			name = LaunchScreen.storyboard;
			sourceTree = "<group>";
		};
/* End PBXVariantGroup section */

/* Begin XCBuildConfiguration section */
		4D75806723A98CC600F05533 /* Debug */ = {
			isa = XCBuildConfiguration;
			buildSettings = {
				ALWAYS_SEARCH_USER_PATHS = NO;
				CLANG_ANALYZER_NONNULL = YES;
				CLANG_ANALYZER_NUMBER_OBJECT_CONVERSION = YES_AGGRESSIVE;
				CLANG_CXX_LANGUAGE_STANDARD = "gnu++14";
				CLANG_CXX_LIBRARY = "libc++";
				CLANG_ENABLE_MODULES = YES;
				CLANG_ENABLE_OBJC_ARC = YES;
				CLANG_ENABLE_OBJC_WEAK = YES;
				CLANG_WARN_BLOCK_CAPTURE_AUTORELEASING = YES;
				CLANG_WARN_BOOL_CONVERSION = YES;
				CLANG_WARN_COMMA = YES;
				CLANG_WARN_CONSTANT_CONVERSION = YES;
				CLANG_WARN_DEPRECATED_OBJC_IMPLEMENTATIONS = YES;
				CLANG_WARN_DIRECT_OBJC_ISA_USAGE = YES_ERROR;
				CLANG_WARN_DOCUMENTATION_COMMENTS = YES;
				CLANG_WARN_EMPTY_BODY = YES;
				CLANG_WARN_ENUM_CONVERSION = YES;
				CLANG_WARN_INFINITE_RECURSION = YES;
				CLANG_WARN_INT_CONVERSION = YES;
				CLANG_WARN_NON_LITERAL_NULL_CONVERSION = YES;
				CLANG_WARN_OBJC_IMPLICIT_RETAIN_SELF = YES;
				CLANG_WARN_OBJC_LITERAL_CONVERSION = YES;
				CLANG_WARN_OBJC_ROOT_CLASS = YES_ERROR;
				CLANG_WARN_RANGE_LOOP_ANALYSIS = YES;
				CLANG_WARN_STRICT_PROTOTYPES = YES;
				CLANG_WARN_SUSPICIOUS_MOVE = YES;
				CLANG_WARN_UNGUARDED_AVAILABILITY = YES_AGGRESSIVE;
				CLANG_WARN_UNREACHABLE_CODE = YES;
				CLANG_WARN__DUPLICATE_METHOD_MATCH = YES;
				COPY_PHASE_STRIP = NO;
				DEBUG_INFORMATION_FORMAT = dwarf;
				ENABLE_STRICT_OBJC_MSGSEND = YES;
				ENABLE_TESTABILITY = YES;
				GCC_C_LANGUAGE_STANDARD = gnu11;
				GCC_DYNAMIC_NO_PIC = NO;
				GCC_NO_COMMON_BLOCKS = YES;
				GCC_OPTIMIZATION_LEVEL = 0;
				GCC_PREPROCESSOR_DEFINITIONS = (
					"DEBUG=1",
					"$(inherited)",
				);
				GCC_WARN_64_TO_32_BIT_CONVERSION = YES;
				GCC_WARN_ABOUT_RETURN_TYPE = YES_ERROR;
				GCC_WARN_UNDECLARED_SELECTOR = YES;
				GCC_WARN_UNINITIALIZED_AUTOS = YES_AGGRESSIVE;
				GCC_WARN_UNUSED_FUNCTION = YES;
				GCC_WARN_UNUSED_VARIABLE = YES;
				IPHONEOS_DEPLOYMENT_TARGET = 13.0;
				MTL_ENABLE_DEBUG_INFO = INCLUDE_SOURCE;
				MTL_FAST_MATH = YES;
				ONLY_ACTIVE_ARCH = YES;
				SDKROOT = iphoneos;
				SWIFT_ACTIVE_COMPILATION_CONDITIONS = DEBUG;
				SWIFT_OPTIMIZATION_LEVEL = "-Onone";
			};
			name = Debug;
		};
		4D75806823A98CC600F05533 /* Release */ = {
			isa = XCBuildConfiguration;
			buildSettings = {
				ALWAYS_SEARCH_USER_PATHS = NO;
				CLANG_ANALYZER_NONNULL = YES;
				CLANG_ANALYZER_NUMBER_OBJECT_CONVERSION = YES_AGGRESSIVE;
				CLANG_CXX_LANGUAGE_STANDARD = "gnu++14";
				CLANG_CXX_LIBRARY = "libc++";
				CLANG_ENABLE_MODULES = YES;
				CLANG_ENABLE_OBJC_ARC = YES;
				CLANG_ENABLE_OBJC_WEAK = YES;
				CLANG_WARN_BLOCK_CAPTURE_AUTORELEASING = YES;
				CLANG_WARN_BOOL_CONVERSION = YES;
				CLANG_WARN_COMMA = YES;
				CLANG_WARN_CONSTANT_CONVERSION = YES;
				CLANG_WARN_DEPRECATED_OBJC_IMPLEMENTATIONS = YES;
				CLANG_WARN_DIRECT_OBJC_ISA_USAGE = YES_ERROR;
				CLANG_WARN_DOCUMENTATION_COMMENTS = YES;
				CLANG_WARN_EMPTY_BODY = YES;
				CLANG_WARN_ENUM_CONVERSION = YES;
				CLANG_WARN_INFINITE_RECURSION = YES;
				CLANG_WARN_INT_CONVERSION = YES;
				CLANG_WARN_NON_LITERAL_NULL_CONVERSION = YES;
				CLANG_WARN_OBJC_IMPLICIT_RETAIN_SELF = YES;
				CLANG_WARN_OBJC_LITERAL_CONVERSION = YES;
				CLANG_WARN_OBJC_ROOT_CLASS = YES_ERROR;
				CLANG_WARN_RANGE_LOOP_ANALYSIS = YES;
				CLANG_WARN_STRICT_PROTOTYPES = YES;
				CLANG_WARN_SUSPICIOUS_MOVE = YES;
				CLANG_WARN_UNGUARDED_AVAILABILITY = YES_AGGRESSIVE;
				CLANG_WARN_UNREACHABLE_CODE = YES;
				CLANG_WARN__DUPLICATE_METHOD_MATCH = YES;
				COPY_PHASE_STRIP = NO;
				DEBUG_INFORMATION_FORMAT = "dwarf-with-dsym";
				ENABLE_NS_ASSERTIONS = NO;
				ENABLE_STRICT_OBJC_MSGSEND = YES;
				GCC_C_LANGUAGE_STANDARD = gnu11;
				GCC_NO_COMMON_BLOCKS = YES;
				GCC_WARN_64_TO_32_BIT_CONVERSION = YES;
				GCC_WARN_ABOUT_RETURN_TYPE = YES_ERROR;
				GCC_WARN_UNDECLARED_SELECTOR = YES;
				GCC_WARN_UNINITIALIZED_AUTOS = YES_AGGRESSIVE;
				GCC_WARN_UNUSED_FUNCTION = YES;
				GCC_WARN_UNUSED_VARIABLE = YES;
				IPHONEOS_DEPLOYMENT_TARGET = 13.0;
				MTL_ENABLE_DEBUG_INFO = NO;
				MTL_FAST_MATH = YES;
				SDKROOT = iphoneos;
				SWIFT_COMPILATION_MODE = wholemodule;
				SWIFT_OPTIMIZATION_LEVEL = "-O";
				VALIDATE_PRODUCT = YES;
			};
			name = Release;
		};
		4D75806A23A98CC600F05533 /* Debug */ = {
			isa = XCBuildConfiguration;
			baseConfigurationReference = 4D778150E4F69F7F1EABA773 /* Pods-Twitter.debug.xcconfig */;
			buildSettings = {
				ASSETCATALOG_COMPILER_APPICON_NAME = AppIcon;
				CODE_SIGN_STYLE = Automatic;
				INFOPLIST_FILE = Twitter/Info.plist;
				LD_RUNPATH_SEARCH_PATHS = (
					"$(inherited)",
					"@executable_path/Frameworks",
				);
				PRODUCT_BUNDLE_IDENTIFIER = com.twitter.Twitter;
				PRODUCT_NAME = "$(TARGET_NAME)";
				SWIFT_VERSION = 5.0;
				TARGETED_DEVICE_FAMILY = 1;
			};
			name = Debug;
		};
		4D75806B23A98CC600F05533 /* Release */ = {
			isa = XCBuildConfiguration;
			baseConfigurationReference = E4DD8031F7B3DC28AB0E4A4A /* Pods-Twitter.release.xcconfig */;
			buildSettings = {
				ASSETCATALOG_COMPILER_APPICON_NAME = AppIcon;
				CODE_SIGN_STYLE = Automatic;
				INFOPLIST_FILE = Twitter/Info.plist;
				LD_RUNPATH_SEARCH_PATHS = (
					"$(inherited)",
					"@executable_path/Frameworks",
				);
				PRODUCT_BUNDLE_IDENTIFIER = com.twitter.Twitter;
				PRODUCT_NAME = "$(TARGET_NAME)";
				SWIFT_VERSION = 5.0;
				TARGETED_DEVICE_FAMILY = 1;
			};
			name = Release;
		};
/* End XCBuildConfiguration section */

/* Begin XCConfigurationList section */
		4D75805023A98CC400F05533 /* Build configuration list for PBXProject "Twitter" */ = {
			isa = XCConfigurationList;
			buildConfigurations = (
				4D75806723A98CC600F05533 /* Debug */,
				4D75806823A98CC600F05533 /* Release */,
			);
			defaultConfigurationIsVisible = 0;
			defaultConfigurationName = Release;
		};
		4D75806923A98CC600F05533 /* Build configuration list for PBXNativeTarget "Twitter" */ = {
			isa = XCConfigurationList;
			buildConfigurations = (
				4D75806A23A98CC600F05533 /* Debug */,
				4D75806B23A98CC600F05533 /* Release */,
			);
			defaultConfigurationIsVisible = 0;
			defaultConfigurationName = Release;
		};
/* End XCConfigurationList section */
	};
	rootObject = 4D75804D23A98CC400F05533 /* Project object */;
}
